{
  "name": "aging-senses-of-letters-and-time",
  "version": "1.0.0",
  "lockfileVersion": 1,
  "requires": true,
  "dependencies": {
    "destyle.css": {
      "version": "1.0.13",
      "resolved": "https://registry.npmjs.org/destyle.css/-/destyle.css-1.0.13.tgz",
      "integrity": "sha512-4ypeLPIa1Rs12pnjqxLRh33r73oPUu1McVCD0qS5jDfmim6jvjx+N94C5IybcjzOzWIpGSajVPcmJ16+CmykWg=="
    }
  }
}
